
Microsoft Visual Studio Solution File, Format Version 12.00
# Visual Studio Version 16
VisualStudioVersion = 16.0.33801.447
MinimumVisualStudioVersion = 10.0.40219.1
Project("{FAE04EC0-301F-11D3-BF4B-00C04F79EFBC}") = "claseGitHub", "claseGitHub\claseGitHub.csproj", "{F8BD9DD9-A683-4357-B6A4-739B0585F853}"
EndProject
Global
	GlobalSection(SolutionConfigurationPlatforms) = preSolution
		Debug|Any CPU = Debug|Any CPU
		Release|Any CPU = Release|Any CPU
	EndGlobalSection
	GlobalSection(ProjectConfigurationPlatforms) = postSolution
		{F8BD9DD9-A683-4357-B6A4-739B0585F853}.Debug|Any CPU.ActiveCfg = Debug|Any CPU
		{F8BD9DD9-A683-4357-B6A4-739B0585F853}.Debug|Any CPU.Build.0 = Debug|Any CPU
		{F8BD9DD9-A683-4357-B6A4-739B0585F853}.Release|Any CPU.ActiveCfg = Release|Any CPU
		{F8BD9DD9-A683-4357-B6A4-739B0585F853}.Release|Any CPU.Build.0 = Release|Any CPU
	EndGlobalSection
	GlobalSection(SolutionProperties) = preSolution
		HideSolutionNode = FALSE
	EndGlobalSection
	GlobalSection(ExtensibilityGlobals) = postSolution
		SolutionGuid = {CE1C797A-5F6D-4657-B918-F2EE86B29ED8}
	EndGlobalSection
EndGlobal
